// !$*UTF8*$!
{
	archiveVersion = 1;
	classes = {
	};
	objectVersion = 50;
	objects = {

/* Begin PBXBuildFile section */
		A7453E98221FC506005F6474 /* AppDelegate.swift in Sources */ = {isa = PBXBuildFile; fileRef = A7453E97221FC506005F6474 /* AppDelegate.swift */; };
		A7453E9A221FC506005F6474 /* ViewController.swift in Sources */ = {isa = PBXBuildFile; fileRef = A7453E99221FC506005F6474 /* ViewController.swift */; };
		A7453E9D221FC506005F6474 /* Main.storyboard in Resources */ = {isa = PBXBuildFile; fileRef = A7453E9B221FC506005F6474 /* Main.storyboard */; };
		A7453E9F221FC507005F6474 /* Assets.xcassets in Resources */ = {isa = PBXBuildFile; fileRef = A7453E9E221FC507005F6474 /* Assets.xcassets */; };
		A7453EA2221FC507005F6474 /* LaunchScreen.storyboard in Resources */ = {isa = PBXBuildFile; fileRef = A7453EA0221FC507005F6474 /* LaunchScreen.storyboard */; };
		A7453EAA221FC6FA005F6474 /* SecondViewController.swift in Sources */ = {isa = PBXBuildFile; fileRef = A7453EA9221FC6FA005F6474 /* SecondViewController.swift */; };
		A7453EAC221FC7B3005F6474 /* GHThemeManager.swift in Sources */ = {isa = PBXBuildFile; fileRef = A7453EAB221FC7B3005F6474 /* GHThemeManager.swift */; };
/* End PBXBuildFile section */

/* Begin PBXFileReference section */
		A7453E94221FC506005F6474 /* GHSkinTheme.app */ = {isa = PBXFileReference; explicitFileType = wrapper.application; includeInIndex = 0; path = GHSkinTheme.app; sourceTree = BUILT_PRODUCTS_DIR; };
		A7453E97221FC506005F6474 /* AppDelegate.swift */ = {isa = PBXFileReference; lastKnownFileType = sourcecode.swift; path = AppDelegate.swift; sourceTree = "<group>"; };
		A7453E99221FC506005F6474 /* ViewController.swift */ = {isa = PBXFileReference; lastKnownFileType = sourcecode.swift; path = ViewController.swift; sourceTree = "<group>"; };
		A7453E9C221FC506005F6474 /* Base */ = {isa = PBXFileReference; lastKnownFileType = file.storyboard; name = Base; path = Base.lproj/Main.storyboard; sourceTree = "<group>"; };
		A7453E9E221FC507005F6474 /* Assets.xcassets */ = {isa = PBXFileReference; lastKnownFileType = folder.assetcatalog; path = Assets.xcassets; sourceTree = "<group>"; };
		A7453EA1221FC507005F6474 /* Base */ = {isa = PBXFileReference; lastKnownFileType = file.storyboard; name = Base; path = Base.lproj/LaunchScreen.storyboard; sourceTree = "<group>"; };
		A7453EA3221FC507005F6474 /* Info.plist */ = {isa = PBXFileReference; lastKnownFileType = text.plist.xml; path = Info.plist; sourceTree = "<group>"; };
		A7453EA9221FC6FA005F6474 /* SecondViewController.swift */ = {isa = PBXFileReference; lastKnownFileType = sourcecode.swift; path = SecondViewController.swift; sourceTree = "<group>"; };
		A7453EAB221FC7B3005F6474 /* GHThemeManager.swift */ = {isa = PBXFileReference; lastKnownFileType = sourcecode.swift; path = GHThemeManager.swift; sourceTree = "<group>"; };
/* End PBXFileReference section */

/* Begin PBXFrameworksBuildPhase section */
		A7453E91221FC506005F6474 /* Frameworks */ = {
			isa = PBXFrameworksBuildPhase;
			buildActionMask = 2147483647;
			files = (
			);
			runOnlyForDeploymentPostprocessing = 0;
		};
/* End PBXFrameworksBuildPhase section */

/* Begin PBXGroup section */
		A7453E8B221FC506005F6474 = {
			isa = PBXGroup;
			children = (
				A7453E96221FC506005F6474 /* GHSkinTheme */,
				A7453E95221FC506005F6474 /* Products */,
			);
			sourceTree = "<group>";
		};
		A7453E95221FC506005F6474 /* Products */ = {
			isa = PBXGroup;
			children = (
				A7453E94221FC506005F6474 /* GHSkinTheme.app */,
			);
			name = Products;
			sourceTree = "<group>";
		};
		A7453E96221FC506005F6474 /* GHSkinTheme */ = {
			isa = PBXGroup;
			children = (
				A7453E97221FC506005F6474 /* AppDelegate.swift */,
				A7453E99221FC506005F6474 /* ViewController.swift */,
				A7453EA9221FC6FA005F6474 /* SecondViewController.swift */,
				A7453EAB221FC7B3005F6474 /* GHThemeManager.swift */,
				A7453E9B221FC506005F6474 /* Main.storyboard */,
				A7453E9E221FC507005F6474 /* Assets.xcassets */,
				A7453EA0221FC507005F6474 /* LaunchScreen.storyboard */,
				A7453EA3221FC507005F6474 /* Info.plist */,
			);
			path = GHSkinTheme;
			sourceTree = "<group>";
		};
/* End PBXGroup section */

/* Begin PBXNativeTarget section */
		A7453E93221FC506005F6474 /* GHSkinTheme */ = {
			isa = PBXNativeTarget;
			buildConfigurationList = A7453EA6221FC507005F6474 /* Build configuration list for PBXNativeTarget "GHSkinTheme" */;
			buildPhases = (
				A7453E90221FC506005F6474 /* Sources */,
				A7453E91221FC506005F6474 /* Frameworks */,
				A7453E92221FC506005F6474 /* Resources */,
			);
			buildRules = (
			);
			dependencies = (
			);
			name = GHSkinTheme;
			productName = GHSkinTheme;
			productReference = A7453E94221FC506005F6474 /* GHSkinTheme.app */;
			productType = "com.apple.product-type.application";
		};
/* End PBXNativeTarget section */

/* Begin PBXProject section */
		A7453E8C221FC506005F6474 /* Project object */ = {
			isa = PBXProject;
			attributes = {
				LastSwiftUpdateCheck = 1010;
				LastUpgradeCheck = 1010;
				ORGANIZATIONNAME = gh;
				TargetAttributes = {
					A7453E93221FC506005F6474 = {
						CreatedOnToolsVersion = 10.1;
					};
				};
			};
			buildConfigurationList = A7453E8F221FC506005F6474 /* Build configuration list for PBXProject "GHSkinTheme" */;
			compatibilityVersion = "Xcode 9.3";
			developmentRegion = en;
			hasScannedForEncodings = 0;
			knownRegions = (
				en,
				Base,
			);
			mainGroup = A7453E8B221FC506005F6474;
			productRefGroup = A7453E95221FC506005F6474 /* Products */;
			projectDirPath = "";
			projectRoot = "";
			targets = (
				A7453E93221FC506005F6474 /* GHSkinTheme */,
			);
		};
/* End PBXProject section */

/* Begin PBXResourcesBuildPhase section */
		A7453E92221FC506005F6474 /* Resources */ = {
			isa = PBXResourcesBuildPhase;
			buildActionMask = 2147483647;
			files = (
				A7453EA2221FC507005F6474 /* LaunchScreen.storyboard in Resources */,
				A7453E9F221FC507005F6474 /* Assets.xcassets in Resources */,
				A7453E9D221FC506005F6474 /* Main.storyboard in Resources */,
			);
			runOnlyForDeploymentPostprocessing = 0;
		};
/* End PBXResourcesBuildPhase section */

/* Begin PBXSourcesBuildPhase section */
		A7453E90221FC506005F6474 /* Sources */ = {
			isa = PBXSourcesBuildPhase;
			buildActionMask = 2147483647;
			files = (
				A7453EAC221FC7B3005F6474 /* GHThemeManager.swift in Sources */,
				A7453EAA221FC6FA005F6474 /* SecondViewController.swift in Sources */,
				A7453E9A221FC506005F6474 /* ViewController.swift in Sources */,
				A7453E98221FC506005F6474 /* AppDelegate.swift in Sources */,
			);
			runOnlyForDeploymentPostprocessing = 0;
		};
/* End PBXSourcesBuildPhase section */

/* Begin PBXVariantGroup section */
		A7453E9B221FC506005F6474 /* Main.storyboard */ = {
			isa = PBXVariantGroup;
			children = (
				A7453E9C221FC506005F6474 /* Base */,
			);
			name = Main.storyboard;
			sourceTree = "<group>";
		};
		A7453EA0221FC507005F6474 /* LaunchScreen.storyboard */ = {
			isa = PBXVariantGroup;
			children = (
				A7453EA1221FC507005F6474 /* Base */,
			);
			name = LaunchScreen.storyboard;
			sourceTree = "<group>";
		};
/* End PBXVariantGroup section */

/* Begin XCBuildConfiguration section */
		A7453EA4221FC507005F6474 /* Debug */ = {
			isa = XCBuildConfiguration;
			buildSettings = {
				ALWAYS_SEARCH_USER_PATHS = NO;
				CLANG_ANALYZER_NONNULL = YES;
				CLANG_ANALYZER_NUMBER_OBJECT_CONVERSION = YES_AGGRESSIVE;
				CLANG_CXX_LANGUAGE_STANDARD = "gnu++14";
				CLANG_CXX_LIBRARY = "libc++";
				CLANG_ENABLE_MODULES = YES;
				CLANG_ENABLE_OBJC_ARC = YES;
				CLANG_ENABLE_OBJC_WEAK = YES;
				CLANG_WARN_BLOCK_CAPTURE_AUTORELEASING = YES;
				CLANG_WARN_BOOL_CONVERSION = YES;
				CLANG_WARN_COMMA = YES;
				CLANG_WARN_CONSTANT_CONVERSION = YES;
				CLANG_WARN_DEPRECATED_OBJC_IMPLEMENTATIONS = YES;
				CLANG_WARN_DIRECT_OBJC_ISA_USAGE = YES_ERROR;
				CLANG_WARN_DOCUMENTATION_COMMENTS = YES;
				CLANG_WARN_EMPTY_BODY = YES;
				CLANG_WARN_ENUM_CONVERSION = YES;
				CLANG_WARN_INFINITE_RECURSION = YES;
				CLANG_WARN_INT_CONVERSION = YES;
				CLANG_WARN_NON_LITERAL_NULL_CONVERSION = YES;
				CLANG_WARN_OBJC_IMPLICIT_RETAIN_SELF = YES;
				CLANG_WARN_OBJC_LITERAL_CONVERSION = YES;
				CLANG_WARN_OBJC_ROOT_CLASS = YES_ERROR;
				CLANG_WARN_RANGE_LOOP_ANALYSIS = YES;
				CLANG_WARN_STRICT_PROTOTYPES = YES;
				CLANG_WARN_SUSPICIOUS_MOVE = YES;
				CLANG_WARN_UNGUARDED_AVAILABILITY = YES_AGGRESSIVE;
				CLANG_WARN_UNREACHABLE_CODE = YES;
				CLANG_WARN__DUPLICATE_METHOD_MATCH = YES;
				CODE_SIGN_IDENTITY = "iPhone Developer";
				COPY_PHASE_STRIP = NO;
				DEBUG_INFORMATION_FORMAT = dwarf;
				ENABLE_STRICT_OBJC_MSGSEND = YES;
				ENABLE_TESTABILITY = YES;
				GCC_C_LANGUAGE_STANDARD = gnu11;
				GCC_DYNAMIC_NO_PIC = NO;
				GCC_NO_COMMON_BLOCKS = YES;
				GCC_OPTIMIZATION_LEVEL = 0;
				GCC_PREPROCESSOR_DEFINITIONS = (
					"DEBUG=1",
					"$(inherited)",
				);
				GCC_WARN_64_TO_32_BIT_CONVERSION = YES;
				GCC_WARN_ABOUT_RETURN_TYPE = YES_ERROR;
				GCC_WARN_UNDECLARED_SELECTOR = YES;
				GCC_WARN_UNINITIALIZED_AUTOS = YES_AGGRESSIVE;
				GCC_WARN_UNUSED_FUNCTION = YES;
				GCC_WARN_UNUSED_VARIABLE = YES;
				IPHONEOS_DEPLOYMENT_TARGET = 12.1;
				MTL_ENABLE_DEBUG_INFO = INCLUDE_SOURCE;
				MTL_FAST_MATH = YES;
				ONLY_ACTIVE_ARCH = YES;
				SDKROOT = iphoneos;
				SWIFT_ACTIVE_COMPILATION_CONDITIONS = DEBUG;
				SWIFT_OPTIMIZATION_LEVEL = "-Onone";
			};
			name = Debug;
		};
		A7453EA5221FC507005F6474 /* Release */ = {
			isa = XCBuildConfiguration;
			buildSettings = {
				ALWAYS_SEARCH_USER_PATHS = NO;
				CLANG_ANALYZER_NONNULL = YES;
				CLANG_ANALYZER_NUMBER_OBJECT_CONVERSION = YES_AGGRESSIVE;
				CLANG_CXX_LANGUAGE_STANDARD = "gnu++14";
				CLANG_CXX_LIBRARY = "libc++";
				CLANG_ENABLE_MODULES = YES;
				CLANG_ENABLE_OBJC_ARC = YES;
				CLANG_ENABLE_OBJC_WEAK = YES;
				CLANG_WARN_BLOCK_CAPTURE_AUTORELEASING = YES;
				CLANG_WARN_BOOL_CONVERSION = YES;
				CLANG_WARN_COMMA = YES;
				CLANG_WARN_CONSTANT_CONVERSION = YES;
				CLANG_WARN_DEPRECATED_OBJC_IMPLEMENTATIONS = YES;
				CLANG_WARN_DIRECT_OBJC_ISA_USAGE = YES_ERROR;
				CLANG_WARN_DOCUMENTATION_COMMENTS = YES;
				CLANG_WARN_EMPTY_BODY = YES;
				CLANG_WARN_ENUM_CONVERSION = YES;
				CLANG_WARN_INFINITE_RECURSION = YES;
				CLANG_WARN_INT_CONVERSION = YES;
				CLANG_WARN_NON_LITERAL_NULL_CONVERSION = YES;
				CLANG_WARN_OBJC_IMPLICIT_RETAIN_SELF = YES;
				CLANG_WARN_OBJC_LITERAL_CONVERSION = YES;
				CLANG_WARN_OBJC_ROOT_CLASS = YES_ERROR;
				CLANG_WARN_RANGE_LOOP_ANALYSIS = YES;
				CLANG_WARN_STRICT_PROTOTYPES = YES;
				CLANG_WARN_SUSPICIOUS_MOVE = YES;
				CLANG_WARN_UNGUARDED_AVAILABILITY = YES_AGGRESSIVE;
				CLANG_WARN_UNREACHABLE_CODE = YES;
				CLANG_WARN__DUPLICATE_METHOD_MATCH = YES;
				CODE_SIGN_IDENTITY = "iPhone Developer";
				COPY_PHASE_STRIP = NO;
				DEBUG_INFORMATION_FORMAT = "dwarf-with-dsym";
				ENABLE_NS_ASSERTIONS = NO;
				ENABLE_STRICT_OBJC_MSGSEND = YES;
				GCC_C_LANGUAGE_STANDARD = gnu11;
				GCC_NO_COMMON_BLOCKS = YES;
				GCC_WARN_64_TO_32_BIT_CONVERSION = YES;
				GCC_WARN_ABOUT_RETURN_TYPE = YES_ERROR;
				GCC_WARN_UNDECLARED_SELECTOR = YES;
				GCC_WARN_UNINITIALIZED_AUTOS = YES_AGGRESSIVE;
				GCC_WARN_UNUSED_FUNCTION = YES;
				GCC_WARN_UNUSED_VARIABLE = YES;
				IPHONEOS_DEPLOYMENT_TARGET = 12.1;
				MTL_ENABLE_DEBUG_INFO = NO;
				MTL_FAST_MATH = YES;
				SDKROOT = iphoneos;
				SWIFT_COMPILATION_MODE = wholemodule;
				SWIFT_OPTIMIZATION_LEVEL = "-O";
				VALIDATE_PRODUCT = YES;
			};
			name = Release;
		};
		A7453EA7221FC507005F6474 /* Debug */ = {
			isa = XCBuildConfiguration;
			buildSettings = {
				ASSETCATALOG_COMPILER_APPICON_NAME = AppIcon;
				CODE_SIGN_STYLE = Automatic;
				DEVELOPMENT_TEAM = YDJE97CX57;
				INFOPLIST_FILE = GHSkinTheme/Info.plist;
				IPHONEOS_DEPLOYMENT_TARGET = 11.0;
				LD_RUNPATH_SEARCH_PATHS = (
					"$(inherited)",
					"@executable_path/Frameworks",
				);
				PRODUCT_BUNDLE_IDENTIFIER = abc.GHSkinTheme;
				PRODUCT_NAME = "$(TARGET_NAME)";
				SWIFT_VERSION = 4.2;
				TARGETED_DEVICE_FAMILY = "1,2";
			};
			name = Debug;
		};
		A7453EA8221FC507005F6474 /* Release */ = {
			isa = XCBuildConfiguration;
			buildSettings = {
				ASSETCATALOG_COMPILER_APPICON_NAME = AppIcon;
				CODE_SIGN_STYLE = Automatic;
				DEVELOPMENT_TEAM = YDJE97CX57;
				INFOPLIST_FILE = GHSkinTheme/Info.plist;
				IPHONEOS_DEPLOYMENT_TARGET = 11.0;
				LD_RUNPATH_SEARCH_PATHS = (
					"$(inherited)",
					"@executable_path/Frameworks",
				);
				PRODUCT_BUNDLE_IDENTIFIER = abc.GHSkinTheme;
				PRODUCT_NAME = "$(TARGET_NAME)";
				SWIFT_VERSION = 4.2;
				TARGETED_DEVICE_FAMILY = "1,2";
			};
			name = Release;
		};
/* End XCBuildConfiguration section */

/* Begin XCConfigurationList section */
		A7453E8F221FC506005F6474 /* Build configuration list for PBXProject "GHSkinTheme" */ = {
			isa = XCConfigurationList;
			buildConfigurations = (
				A7453EA4221FC507005F6474 /* Debug */,
				A7453EA5221FC507005F6474 /* Release */,
			);
			defaultConfigurationIsVisible = 0;
			defaultConfigurationName = Release;
		};
		A7453EA6221FC507005F6474 /* Build configuration list for PBXNativeTarget "GHSkinTheme" */ = {
			isa = XCConfigurationList;
			buildConfigurations = (
				A7453EA7221FC507005F6474 /* Debug */,
				A7453EA8221FC507005F6474 /* Release */,
			);
			defaultConfigurationIsVisible = 0;
			defaultConfigurationName = Release;
		};
/* End XCConfigurationList section */
	};
	rootObject = A7453E8C221FC506005F6474 /* Project object */;
}
